
Microsoft Visual Studio Solution File, Format Version 12.00
# Visual Studio Version 17
VisualStudioVersion = 17.5.33516.290
MinimumVisualStudioVersion = 10.0.40219.1
Project("{FAE04EC0-301F-11D3-BF4B-00C04F79EFBC}") = "ABSATask1APIDogBreeder", "ABSATask1APIDogBreeder.csproj", "{11F60E83-D4ED-4AB0-8E42-E333E54D7F2D}"
EndProject
Project("{FAE04EC0-301F-11D3-BF4B-00C04F79EFBC}") = "ABSATask1APIDogBreederTestSuite", "..\ABSATask1APIDogBreederTestSuite\ABSATask1APIDogBreederTestSuite.csproj", "{7A415775-7F38-4B05-A7B6-A7618F070126}"
EndProject
Global
	GlobalSection(SolutionConfigurationPlatforms) = preSolution
		Debug|Any CPU = Debug|Any CPU
		Release|Any CPU = Release|Any CPU
	EndGlobalSection
	GlobalSection(ProjectConfigurationPlatforms) = postSolution
		{11F60E83-D4ED-4AB0-8E42-E333E54D7F2D}.Debug|Any CPU.ActiveCfg = Debug|Any CPU
		{11F60E83-D4ED-4AB0-8E42-E333E54D7F2D}.Debug|Any CPU.Build.0 = Debug|Any CPU
		{11F60E83-D4ED-4AB0-8E42-E333E54D7F2D}.Release|Any CPU.ActiveCfg = Release|Any CPU
		{11F60E83-D4ED-4AB0-8E42-E333E54D7F2D}.Release|Any CPU.Build.0 = Release|Any CPU
		{7A415775-7F38-4B05-A7B6-A7618F070126}.Debug|Any CPU.ActiveCfg = Debug|Any CPU
		{7A415775-7F38-4B05-A7B6-A7618F070126}.Debug|Any CPU.Build.0 = Debug|Any CPU
		{7A415775-7F38-4B05-A7B6-A7618F070126}.Release|Any CPU.ActiveCfg = Release|Any CPU
		{7A415775-7F38-4B05-A7B6-A7618F070126}.Release|Any CPU.Build.0 = Release|Any CPU
	EndGlobalSection
	GlobalSection(SolutionProperties) = preSolution
		HideSolutionNode = FALSE
	EndGlobalSection
	GlobalSection(ExtensibilityGlobals) = postSolution
		SolutionGuid = {20F6CF45-38B6-42C7-A78E-DEF99E6E10D3}
	EndGlobalSection
EndGlobal
